
Microsoft Visual Studio Solution File, Format Version 12.00
# Visual Studio 15
VisualStudioVersion = 15.0.27428.2005
MinimumVisualStudioVersion = 10.0.40219.1
Project("{FAE04EC0-301F-11D3-BF4B-00C04F79EFBC}") = "Mindurry.Android", "Mindurry\Mindurry.Android\Mindurry.Android.csproj", "{6E7D9A09-CFF1-4B38-A61B-47844F6F79C6}"
EndProject
Project("{FAE04EC0-301F-11D3-BF4B-00C04F79EFBC}") = "Mindurry.iOS", "Mindurry\Mindurry.iOS\Mindurry.iOS.csproj", "{FF67847F-8679-48F3-BBC2-84D92E373C7A}"
EndProject
Project("{FAE04EC0-301F-11D3-BF4B-00C04F79EFBC}") = "Mindurry.UWP", "Mindurry\Mindurry.UWP\Mindurry.UWP.csproj", "{A3A86081-7360-497C-8CB9-3EE8B84D94A3}"
EndProject
Project("{FAE04EC0-301F-11D3-BF4B-00C04F79EFBC}") = "Mindurry", "Mindurry\Mindurry\Mindurry.csproj", "{09031479-668F-4520-8C8E-FBB0FA9B615C}"
EndProject
Global
	GlobalSection(SolutionConfigurationPlatforms) = preSolution
		Ad-Hoc|Any CPU = Ad-Hoc|Any CPU
		Ad-Hoc|ARM = Ad-Hoc|ARM
		Ad-Hoc|iPhone = Ad-Hoc|iPhone
		Ad-Hoc|iPhoneSimulator = Ad-Hoc|iPhoneSimulator
		Ad-Hoc|x64 = Ad-Hoc|x64
		Ad-Hoc|x86 = Ad-Hoc|x86
		AppStore|Any CPU = AppStore|Any CPU
		AppStore|ARM = AppStore|ARM
		AppStore|iPhone = AppStore|iPhone
		AppStore|iPhoneSimulator = AppStore|iPhoneSimulator
		AppStore|x64 = AppStore|x64
		AppStore|x86 = AppStore|x86
		Debug|Any CPU = Debug|Any CPU
		Debug|ARM = Debug|ARM
		Debug|iPhone = Debug|iPhone
		Debug|iPhoneSimulator = Debug|iPhoneSimulator
		Debug|x64 = Debug|x64
		Debug|x86 = Debug|x86
		Release|Any CPU = Release|Any CPU
		Release|ARM = Release|ARM
		Release|iPhone = Release|iPhone
		Release|iPhoneSimulator = Release|iPhoneSimulator
		Release|x64 = Release|x64
		Release|x86 = Release|x86
	EndGlobalSection
	GlobalSection(ProjectConfigurationPlatforms) = postSolution
		{6E7D9A09-CFF1-4B38-A61B-47844F6F79C6}.Ad-Hoc|Any CPU.ActiveCfg = Release|Any CPU
		{6E7D9A09-CFF1-4B38-A61B-47844F6F79C6}.Ad-Hoc|Any CPU.Build.0 = Release|Any CPU
		{6E7D9A09-CFF1-4B38-A61B-47844F6F79C6}.Ad-Hoc|Any CPU.Deploy.0 = Release|Any CPU
		{6E7D9A09-CFF1-4B38-A61B-47844F6F79C6}.Ad-Hoc|ARM.ActiveCfg = Release|Any CPU
		{6E7D9A09-CFF1-4B38-A61B-47844F6F79C6}.Ad-Hoc|ARM.Build.0 = Release|Any CPU
		{6E7D9A09-CFF1-4B38-A61B-47844F6F79C6}.Ad-Hoc|ARM.Deploy.0 = Release|Any CPU
		{6E7D9A09-CFF1-4B38-A61B-47844F6F79C6}.Ad-Hoc|iPhone.ActiveCfg = Release|Any CPU
		{6E7D9A09-CFF1-4B38-A61B-47844F6F79C6}.Ad-Hoc|iPhone.Build.0 = Release|Any CPU
		{6E7D9A09-CFF1-4B38-A61B-47844F6F79C6}.Ad-Hoc|iPhone.Deploy.0 = Release|Any CPU
		{6E7D9A09-CFF1-4B38-A61B-47844F6F79C6}.Ad-Hoc|iPhoneSimulator.ActiveCfg = Release|Any CPU
		{6E7D9A09-CFF1-4B38-A61B-47844F6F79C6}.Ad-Hoc|iPhoneSimulator.Build.0 = Release|Any CPU
		{6E7D9A09-CFF1-4B38-A61B-47844F6F79C6}.Ad-Hoc|iPhoneSimulator.Deploy.0 = Release|Any CPU
		{6E7D9A09-CFF1-4B38-A61B-47844F6F79C6}.Ad-Hoc|x64.ActiveCfg = Release|Any CPU
		{6E7D9A09-CFF1-4B38-A61B-47844F6F79C6}.Ad-Hoc|x64.Build.0 = Release|Any CPU
		{6E7D9A09-CFF1-4B38-A61B-47844F6F79C6}.Ad-Hoc|x64.Deploy.0 = Release|Any CPU
		{6E7D9A09-CFF1-4B38-A61B-47844F6F79C6}.Ad-Hoc|x86.ActiveCfg = Release|Any CPU
		{6E7D9A09-CFF1-4B38-A61B-47844F6F79C6}.Ad-Hoc|x86.Build.0 = Release|Any CPU
		{6E7D9A09-CFF1-4B38-A61B-47844F6F79C6}.Ad-Hoc|x86.Deploy.0 = Release|Any CPU
		{6E7D9A09-CFF1-4B38-A61B-47844F6F79C6}.AppStore|Any CPU.ActiveCfg = Release|Any CPU
		{6E7D9A09-CFF1-4B38-A61B-47844F6F79C6}.AppStore|Any CPU.Build.0 = Release|Any CPU
		{6E7D9A09-CFF1-4B38-A61B-47844F6F79C6}.AppStore|Any CPU.Deploy.0 = Release|Any CPU
		{6E7D9A09-CFF1-4B38-A61B-47844F6F79C6}.AppStore|ARM.ActiveCfg = Release|Any CPU
		{6E7D9A09-CFF1-4B38-A61B-47844F6F79C6}.AppStore|ARM.Build.0 = Release|Any CPU
		{6E7D9A09-CFF1-4B38-A61B-47844F6F79C6}.AppStore|ARM.Deploy.0 = Release|Any CPU
		{6E7D9A09-CFF1-4B38-A61B-47844F6F79C6}.AppStore|iPhone.ActiveCfg = Release|Any CPU
		{6E7D9A09-CFF1-4B38-A61B-47844F6F79C6}.AppStore|iPhone.Build.0 = Release|Any CPU
		{6E7D9A09-CFF1-4B38-A61B-47844F6F79C6}.AppStore|iPhone.Deploy.0 = Release|Any CPU
		{6E7D9A09-CFF1-4B38-A61B-47844F6F79C6}.AppStore|iPhoneSimulator.ActiveCfg = Release|Any CPU
		{6E7D9A09-CFF1-4B38-A61B-47844F6F79C6}.AppStore|iPhoneSimulator.Build.0 = Release|Any CPU
		{6E7D9A09-CFF1-4B38-A61B-47844F6F79C6}.AppStore|iPhoneSimulator.Deploy.0 = Release|Any CPU
		{6E7D9A09-CFF1-4B38-A61B-47844F6F79C6}.AppStore|x64.ActiveCfg = Release|Any CPU
		{6E7D9A09-CFF1-4B38-A61B-47844F6F79C6}.AppStore|x64.Build.0 = Release|Any CPU
		{6E7D9A09-CFF1-4B38-A61B-47844F6F79C6}.AppStore|x64.Deploy.0 = Release|Any CPU
		{6E7D9A09-CFF1-4B38-A61B-47844F6F79C6}.AppStore|x86.ActiveCfg = Release|Any CPU
		{6E7D9A09-CFF1-4B38-A61B-47844F6F79C6}.AppStore|x86.Build.0 = Release|Any CPU
		{6E7D9A09-CFF1-4B38-A61B-47844F6F79C6}.AppStore|x86.Deploy.0 = Release|Any CPU
		{6E7D9A09-CFF1-4B38-A61B-47844F6F79C6}.Debug|Any CPU.ActiveCfg = Debug|Any CPU
		{6E7D9A09-CFF1-4B38-A61B-47844F6F79C6}.Debug|Any CPU.Build.0 = Debug|Any CPU
		{6E7D9A09-CFF1-4B38-A61B-47844F6F79C6}.Debug|Any CPU.Deploy.0 = Debug|Any CPU
		{6E7D9A09-CFF1-4B38-A61B-47844F6F79C6}.Debug|ARM.ActiveCfg = Debug|Any CPU
		{6E7D9A09-CFF1-4B38-A61B-47844F6F79C6}.Debug|ARM.Build.0 = Debug|Any CPU
		{6E7D9A09-CFF1-4B38-A61B-47844F6F79C6}.Debug|ARM.Deploy.0 = Debug|Any CPU
		{6E7D9A09-CFF1-4B38-A61B-47844F6F79C6}.Debug|iPhone.ActiveCfg = Debug|Any CPU
		{6E7D9A09-CFF1-4B38-A61B-47844F6F79C6}.Debug|iPhone.Build.0 = Debug|Any CPU
		{6E7D9A09-CFF1-4B38-A61B-47844F6F79C6}.Debug|iPhone.Deploy.0 = Debug|Any CPU
		{6E7D9A09-CFF1-4B38-A61B-47844F6F79C6}.Debug|iPhoneSimulator.ActiveCfg = Debug|Any CPU
		{6E7D9A09-CFF1-4B38-A61B-47844F6F79C6}.Debug|iPhoneSimulator.Build.0 = Debug|Any CPU
		{6E7D9A09-CFF1-4B38-A61B-47844F6F79C6}.Debug|iPhoneSimulator.Deploy.0 = Debug|Any CPU
		{6E7D9A09-CFF1-4B38-A61B-47844F6F79C6}.Debug|x64.ActiveCfg = Debug|Any CPU
		{6E7D9A09-CFF1-4B38-A61B-47844F6F79C6}.Debug|x64.Build.0 = Debug|Any CPU
		{6E7D9A09-CFF1-4B38-A61B-47844F6F79C6}.Debug|x64.Deploy.0 = Debug|Any CPU
		{6E7D9A09-CFF1-4B38-A61B-47844F6F79C6}.Debug|x86.ActiveCfg = Debug|Any CPU
		{6E7D9A09-CFF1-4B38-A61B-47844F6F79C6}.Debug|x86.Build.0 = Debug|Any CPU
		{6E7D9A09-CFF1-4B38-A61B-47844F6F79C6}.Debug|x86.Deploy.0 = Debug|Any CPU
		{6E7D9A09-CFF1-4B38-A61B-47844F6F79C6}.Release|Any CPU.ActiveCfg = Release|Any CPU
		{6E7D9A09-CFF1-4B38-A61B-47844F6F79C6}.Release|Any CPU.Build.0 = Release|Any CPU
		{6E7D9A09-CFF1-4B38-A61B-47844F6F79C6}.Release|Any CPU.Deploy.0 = Release|Any CPU
		{6E7D9A09-CFF1-4B38-A61B-47844F6F79C6}.Release|ARM.ActiveCfg = Release|Any CPU
		{6E7D9A09-CFF1-4B38-A61B-47844F6F79C6}.Release|ARM.Build.0 = Release|Any CPU
		{6E7D9A09-CFF1-4B38-A61B-47844F6F79C6}.Release|ARM.Deploy.0 = Release|Any CPU
		{6E7D9A09-CFF1-4B38-A61B-47844F6F79C6}.Release|iPhone.ActiveCfg = Release|Any CPU
		{6E7D9A09-CFF1-4B38-A61B-47844F6F79C6}.Release|iPhone.Build.0 = Release|Any CPU
		{6E7D9A09-CFF1-4B38-A61B-47844F6F79C6}.Release|iPhone.Deploy.0 = Release|Any CPU
		{6E7D9A09-CFF1-4B38-A61B-47844F6F79C6}.Release|iPhoneSimulator.ActiveCfg = Release|Any CPU
		{6E7D9A09-CFF1-4B38-A61B-47844F6F79C6}.Release|iPhoneSimulator.Build.0 = Release|Any CPU
		{6E7D9A09-CFF1-4B38-A61B-47844F6F79C6}.Release|iPhoneSimulator.Deploy.0 = Release|Any CPU
		{6E7D9A09-CFF1-4B38-A61B-47844F6F79C6}.Release|x64.ActiveCfg = Release|Any CPU
		{6E7D9A09-CFF1-4B38-A61B-47844F6F79C6}.Release|x64.Build.0 = Release|Any CPU
		{6E7D9A09-CFF1-4B38-A61B-47844F6F79C6}.Release|x64.Deploy.0 = Release|Any CPU
		{6E7D9A09-CFF1-4B38-A61B-47844F6F79C6}.Release|x86.ActiveCfg = Release|Any CPU
		{6E7D9A09-CFF1-4B38-A61B-47844F6F79C6}.Release|x86.Build.0 = Release|Any CPU
		{6E7D9A09-CFF1-4B38-A61B-47844F6F79C6}.Release|x86.Deploy.0 = Release|Any CPU
		{FF67847F-8679-48F3-BBC2-84D92E373C7A}.Ad-Hoc|Any CPU.ActiveCfg = Ad-Hoc|iPhone
		{FF67847F-8679-48F3-BBC2-84D92E373C7A}.Ad-Hoc|ARM.ActiveCfg = Ad-Hoc|iPhone
		{FF67847F-8679-48F3-BBC2-84D92E373C7A}.Ad-Hoc|iPhone.ActiveCfg = Ad-Hoc|iPhone
		{FF67847F-8679-48F3-BBC2-84D92E373C7A}.Ad-Hoc|iPhone.Build.0 = Ad-Hoc|iPhone
		{FF67847F-8679-48F3-BBC2-84D92E373C7A}.Ad-Hoc|iPhoneSimulator.ActiveCfg = Ad-Hoc|iPhoneSimulator
		{FF67847F-8679-48F3-BBC2-84D92E373C7A}.Ad-Hoc|iPhoneSimulator.Build.0 = Ad-Hoc|iPhoneSimulator
		{FF67847F-8679-48F3-BBC2-84D92E373C7A}.Ad-Hoc|x64.ActiveCfg = Ad-Hoc|iPhone
		{FF67847F-8679-48F3-BBC2-84D92E373C7A}.Ad-Hoc|x86.ActiveCfg = Ad-Hoc|iPhone
		{FF67847F-8679-48F3-BBC2-84D92E373C7A}.AppStore|Any CPU.ActiveCfg = AppStore|iPhone
		{FF67847F-8679-48F3-BBC2-84D92E373C7A}.AppStore|ARM.ActiveCfg = AppStore|iPhone
		{FF67847F-8679-48F3-BBC2-84D92E373C7A}.AppStore|iPhone.ActiveCfg = AppStore|iPhone
		{FF67847F-8679-48F3-BBC2-84D92E373C7A}.AppStore|iPhone.Build.0 = AppStore|iPhone
		{FF67847F-8679-48F3-BBC2-84D92E373C7A}.AppStore|iPhoneSimulator.ActiveCfg = AppStore|iPhoneSimulator
		{FF67847F-8679-48F3-BBC2-84D92E373C7A}.AppStore|iPhoneSimulator.Build.0 = AppStore|iPhoneSimulator
		{FF67847F-8679-48F3-BBC2-84D92E373C7A}.AppStore|x64.ActiveCfg = AppStore|iPhone
		{FF67847F-8679-48F3-BBC2-84D92E373C7A}.AppStore|x86.ActiveCfg = AppStore|iPhone
		{FF67847F-8679-48F3-BBC2-84D92E373C7A}.Debug|Any CPU.ActiveCfg = Debug|iPhone
		{FF67847F-8679-48F3-BBC2-84D92E373C7A}.Debug|ARM.ActiveCfg = Debug|iPhone
		{FF67847F-8679-48F3-BBC2-84D92E373C7A}.Debug|iPhone.ActiveCfg = Debug|iPhone
		{FF67847F-8679-48F3-BBC2-84D92E373C7A}.Debug|iPhone.Build.0 = Debug|iPhone
		{FF67847F-8679-48F3-BBC2-84D92E373C7A}.Debug|iPhoneSimulator.ActiveCfg = Debug|iPhoneSimulator
		{FF67847F-8679-48F3-BBC2-84D92E373C7A}.Debug|iPhoneSimulator.Build.0 = Debug|iPhoneSimulator
		{FF67847F-8679-48F3-BBC2-84D92E373C7A}.Debug|x64.ActiveCfg = Debug|iPhone
		{FF67847F-8679-48F3-BBC2-84D92E373C7A}.Debug|x86.ActiveCfg = Debug|iPhone
		{FF67847F-8679-48F3-BBC2-84D92E373C7A}.Release|Any CPU.ActiveCfg = Release|iPhone
		{FF67847F-8679-48F3-BBC2-84D92E373C7A}.Release|ARM.ActiveCfg = Release|iPhone
		{FF67847F-8679-48F3-BBC2-84D92E373C7A}.Release|iPhone.ActiveCfg = Release|iPhone
		{FF67847F-8679-48F3-BBC2-84D92E373C7A}.Release|iPhone.Build.0 = Release|iPhone
		{FF67847F-8679-48F3-BBC2-84D92E373C7A}.Release|iPhoneSimulator.ActiveCfg = Release|iPhoneSimulator
		{FF67847F-8679-48F3-BBC2-84D92E373C7A}.Release|iPhoneSimulator.Build.0 = Release|iPhoneSimulator
		{FF67847F-8679-48F3-BBC2-84D92E373C7A}.Release|x64.ActiveCfg = Release|iPhone
		{FF67847F-8679-48F3-BBC2-84D92E373C7A}.Release|x86.ActiveCfg = Release|iPhone
		{A3A86081-7360-497C-8CB9-3EE8B84D94A3}.Ad-Hoc|Any CPU.ActiveCfg = Release|x86
		{A3A86081-7360-497C-8CB9-3EE8B84D94A3}.Ad-Hoc|Any CPU.Build.0 = Release|x86
		{A3A86081-7360-497C-8CB9-3EE8B84D94A3}.Ad-Hoc|Any CPU.Deploy.0 = Release|x86
		{A3A86081-7360-497C-8CB9-3EE8B84D94A3}.Ad-Hoc|ARM.ActiveCfg = Release|ARM
		{A3A86081-7360-497C-8CB9-3EE8B84D94A3}.Ad-Hoc|ARM.Build.0 = Release|ARM
		{A3A86081-7360-497C-8CB9-3EE8B84D94A3}.Ad-Hoc|ARM.Deploy.0 = Release|ARM
		{A3A86081-7360-497C-8CB9-3EE8B84D94A3}.Ad-Hoc|iPhone.ActiveCfg = Release|x86
		{A3A86081-7360-497C-8CB9-3EE8B84D94A3}.Ad-Hoc|iPhone.Build.0 = Release|x86
		{A3A86081-7360-497C-8CB9-3EE8B84D94A3}.Ad-Hoc|iPhone.Deploy.0 = Release|x86
		{A3A86081-7360-497C-8CB9-3EE8B84D94A3}.Ad-Hoc|iPhoneSimulator.ActiveCfg = Release|x86
		{A3A86081-7360-497C-8CB9-3EE8B84D94A3}.Ad-Hoc|iPhoneSimulator.Build.0 = Release|x86
		{A3A86081-7360-497C-8CB9-3EE8B84D94A3}.Ad-Hoc|iPhoneSimulator.Deploy.0 = Release|x86
		{A3A86081-7360-497C-8CB9-3EE8B84D94A3}.Ad-Hoc|x64.ActiveCfg = Release|x64
		{A3A86081-7360-497C-8CB9-3EE8B84D94A3}.Ad-Hoc|x64.Build.0 = Release|x64
		{A3A86081-7360-497C-8CB9-3EE8B84D94A3}.Ad-Hoc|x64.Deploy.0 = Release|x64
		{A3A86081-7360-497C-8CB9-3EE8B84D94A3}.Ad-Hoc|x86.ActiveCfg = Release|x86
		{A3A86081-7360-497C-8CB9-3EE8B84D94A3}.Ad-Hoc|x86.Build.0 = Release|x86
		{A3A86081-7360-497C-8CB9-3EE8B84D94A3}.Ad-Hoc|x86.Deploy.0 = Release|x86
		{A3A86081-7360-497C-8CB9-3EE8B84D94A3}.AppStore|Any CPU.ActiveCfg = Release|x86
		{A3A86081-7360-497C-8CB9-3EE8B84D94A3}.AppStore|Any CPU.Build.0 = Release|x86
		{A3A86081-7360-497C-8CB9-3EE8B84D94A3}.AppStore|Any CPU.Deploy.0 = Release|x86
		{A3A86081-7360-497C-8CB9-3EE8B84D94A3}.AppStore|ARM.ActiveCfg = Release|ARM
		{A3A86081-7360-497C-8CB9-3EE8B84D94A3}.AppStore|ARM.Build.0 = Release|ARM
		{A3A86081-7360-497C-8CB9-3EE8B84D94A3}.AppStore|ARM.Deploy.0 = Release|ARM
		{A3A86081-7360-497C-8CB9-3EE8B84D94A3}.AppStore|iPhone.ActiveCfg = Release|x86
		{A3A86081-7360-497C-8CB9-3EE8B84D94A3}.AppStore|iPhone.Build.0 = Release|x86
		{A3A86081-7360-497C-8CB9-3EE8B84D94A3}.AppStore|iPhone.Deploy.0 = Release|x86
		{A3A86081-7360-497C-8CB9-3EE8B84D94A3}.AppStore|iPhoneSimulator.ActiveCfg = Release|x86
		{A3A86081-7360-497C-8CB9-3EE8B84D94A3}.AppStore|iPhoneSimulator.Build.0 = Release|x86
		{A3A86081-7360-497C-8CB9-3EE8B84D94A3}.AppStore|iPhoneSimulator.Deploy.0 = Release|x86
		{A3A86081-7360-497C-8CB9-3EE8B84D94A3}.AppStore|x64.ActiveCfg = Release|x64
		{A3A86081-7360-497C-8CB9-3EE8B84D94A3}.AppStore|x64.Build.0 = Release|x64
		{A3A86081-7360-497C-8CB9-3EE8B84D94A3}.AppStore|x64.Deploy.0 = Release|x64
		{A3A86081-7360-497C-8CB9-3EE8B84D94A3}.AppStore|x86.ActiveCfg = Release|x86
		{A3A86081-7360-497C-8CB9-3EE8B84D94A3}.AppStore|x86.Build.0 = Release|x86
		{A3A86081-7360-497C-8CB9-3EE8B84D94A3}.AppStore|x86.Deploy.0 = Release|x86
		{A3A86081-7360-497C-8CB9-3EE8B84D94A3}.Debug|Any CPU.ActiveCfg = Debug|x86
		{A3A86081-7360-497C-8CB9-3EE8B84D94A3}.Debug|ARM.ActiveCfg = Debug|ARM
		{A3A86081-7360-497C-8CB9-3EE8B84D94A3}.Debug|ARM.Build.0 = Debug|ARM
		{A3A86081-7360-497C-8CB9-3EE8B84D94A3}.Debug|ARM.Deploy.0 = Debug|ARM
		{A3A86081-7360-497C-8CB9-3EE8B84D94A3}.Debug|iPhone.ActiveCfg = Debug|x86
		{A3A86081-7360-497C-8CB9-3EE8B84D94A3}.Debug|iPhoneSimulator.ActiveCfg = Debug|x86
		{A3A86081-7360-497C-8CB9-3EE8B84D94A3}.Debug|x64.ActiveCfg = Debug|x64
		{A3A86081-7360-497C-8CB9-3EE8B84D94A3}.Debug|x64.Build.0 = Debug|x64
		{A3A86081-7360-497C-8CB9-3EE8B84D94A3}.Debug|x64.Deploy.0 = Debug|x64
		{A3A86081-7360-497C-8CB9-3EE8B84D94A3}.Debug|x86.ActiveCfg = Debug|x86
		{A3A86081-7360-497C-8CB9-3EE8B84D94A3}.Debug|x86.Build.0 = Debug|x86
		{A3A86081-7360-497C-8CB9-3EE8B84D94A3}.Debug|x86.Deploy.0 = Debug|x86
		{A3A86081-7360-497C-8CB9-3EE8B84D94A3}.Release|Any CPU.ActiveCfg = Release|x86
		{A3A86081-7360-497C-8CB9-3EE8B84D94A3}.Release|ARM.ActiveCfg = Release|ARM
		{A3A86081-7360-497C-8CB9-3EE8B84D94A3}.Release|ARM.Build.0 = Release|ARM
		{A3A86081-7360-497C-8CB9-3EE8B84D94A3}.Release|ARM.Deploy.0 = Release|ARM
		{A3A86081-7360-497C-8CB9-3EE8B84D94A3}.Release|iPhone.ActiveCfg = Release|x86
		{A3A86081-7360-497C-8CB9-3EE8B84D94A3}.Release|iPhoneSimulator.ActiveCfg = Release|x86
		{A3A86081-7360-497C-8CB9-3EE8B84D94A3}.Release|x64.ActiveCfg = Release|x64
		{A3A86081-7360-497C-8CB9-3EE8B84D94A3}.Release|x64.Build.0 = Release|x64
		{A3A86081-7360-497C-8CB9-3EE8B84D94A3}.Release|x64.Deploy.0 = Release|x64
		{A3A86081-7360-497C-8CB9-3EE8B84D94A3}.Release|x86.ActiveCfg = Release|x86
		{A3A86081-7360-497C-8CB9-3EE8B84D94A3}.Release|x86.Build.0 = Release|x86
		{A3A86081-7360-497C-8CB9-3EE8B84D94A3}.Release|x86.Deploy.0 = Release|x86
		{09031479-668F-4520-8C8E-FBB0FA9B615C}.Ad-Hoc|Any CPU.ActiveCfg = Debug|Any CPU
		{09031479-668F-4520-8C8E-FBB0FA9B615C}.Ad-Hoc|Any CPU.Build.0 = Debug|Any CPU
		{09031479-668F-4520-8C8E-FBB0FA9B615C}.Ad-Hoc|ARM.ActiveCfg = Debug|Any CPU
		{09031479-668F-4520-8C8E-FBB0FA9B615C}.Ad-Hoc|ARM.Build.0 = Debug|Any CPU
		{09031479-668F-4520-8C8E-FBB0FA9B615C}.Ad-Hoc|iPhone.ActiveCfg = Debug|Any CPU
		{09031479-668F-4520-8C8E-FBB0FA9B615C}.Ad-Hoc|iPhone.Build.0 = Debug|Any CPU
		{09031479-668F-4520-8C8E-FBB0FA9B615C}.Ad-Hoc|iPhoneSimulator.ActiveCfg = Debug|Any CPU
		{09031479-668F-4520-8C8E-FBB0FA9B615C}.Ad-Hoc|iPhoneSimulator.Build.0 = Debug|Any CPU
		{09031479-668F-4520-8C8E-FBB0FA9B615C}.Ad-Hoc|x64.ActiveCfg = Debug|Any CPU
		{09031479-668F-4520-8C8E-FBB0FA9B615C}.Ad-Hoc|x64.Build.0 = Debug|Any CPU
		{09031479-668F-4520-8C8E-FBB0FA9B615C}.Ad-Hoc|x86.ActiveCfg = Debug|Any CPU
		{09031479-668F-4520-8C8E-FBB0FA9B615C}.Ad-Hoc|x86.Build.0 = Debug|Any CPU
		{09031479-668F-4520-8C8E-FBB0FA9B615C}.AppStore|Any CPU.ActiveCfg = Debug|Any CPU
		{09031479-668F-4520-8C8E-FBB0FA9B615C}.AppStore|Any CPU.Build.0 = Debug|Any CPU
		{09031479-668F-4520-8C8E-FBB0FA9B615C}.AppStore|ARM.ActiveCfg = Debug|Any CPU
		{09031479-668F-4520-8C8E-FBB0FA9B615C}.AppStore|ARM.Build.0 = Debug|Any CPU
		{09031479-668F-4520-8C8E-FBB0FA9B615C}.AppStore|iPhone.ActiveCfg = Debug|Any CPU
		{09031479-668F-4520-8C8E-FBB0FA9B615C}.AppStore|iPhone.Build.0 = Debug|Any CPU
		{09031479-668F-4520-8C8E-FBB0FA9B615C}.AppStore|iPhoneSimulator.ActiveCfg = Debug|Any CPU
		{09031479-668F-4520-8C8E-FBB0FA9B615C}.AppStore|iPhoneSimulator.Build.0 = Debug|Any CPU
		{09031479-668F-4520-8C8E-FBB0FA9B615C}.AppStore|x64.ActiveCfg = Debug|Any CPU
		{09031479-668F-4520-8C8E-FBB0FA9B615C}.AppStore|x64.Build.0 = Debug|Any CPU
		{09031479-668F-4520-8C8E-FBB0FA9B615C}.AppStore|x86.ActiveCfg = Debug|Any CPU
		{09031479-668F-4520-8C8E-FBB0FA9B615C}.AppStore|x86.Build.0 = Debug|Any CPU
		{09031479-668F-4520-8C8E-FBB0FA9B615C}.Debug|Any CPU.ActiveCfg = Debug|Any CPU
		{09031479-668F-4520-8C8E-FBB0FA9B615C}.Debug|Any CPU.Build.0 = Debug|Any CPU
		{09031479-668F-4520-8C8E-FBB0FA9B615C}.Debug|ARM.ActiveCfg = Debug|Any CPU
		{09031479-668F-4520-8C8E-FBB0FA9B615C}.Debug|ARM.Build.0 = Debug|Any CPU
		{09031479-668F-4520-8C8E-FBB0FA9B615C}.Debug|iPhone.ActiveCfg = Debug|Any CPU
		{09031479-668F-4520-8C8E-FBB0FA9B615C}.Debug|iPhone.Build.0 = Debug|Any CPU
		{09031479-668F-4520-8C8E-FBB0FA9B615C}.Debug|iPhoneSimulator.ActiveCfg = Debug|Any CPU
		{09031479-668F-4520-8C8E-FBB0FA9B615C}.Debug|iPhoneSimulator.Build.0 = Debug|Any CPU
		{09031479-668F-4520-8C8E-FBB0FA9B615C}.Debug|x64.ActiveCfg = Debug|Any CPU
		{09031479-668F-4520-8C8E-FBB0FA9B615C}.Debug|x64.Build.0 = Debug|Any CPU
		{09031479-668F-4520-8C8E-FBB0FA9B615C}.Debug|x86.ActiveCfg = Debug|Any CPU
		{09031479-668F-4520-8C8E-FBB0FA9B615C}.Debug|x86.Build.0 = Debug|Any CPU
		{09031479-668F-4520-8C8E-FBB0FA9B615C}.Release|Any CPU.ActiveCfg = Release|Any CPU
		{09031479-668F-4520-8C8E-FBB0FA9B615C}.Release|Any CPU.Build.0 = Release|Any CPU
		{09031479-668F-4520-8C8E-FBB0FA9B615C}.Release|ARM.ActiveCfg = Release|Any CPU
		{09031479-668F-4520-8C8E-FBB0FA9B615C}.Release|ARM.Build.0 = Release|Any CPU
		{09031479-668F-4520-8C8E-FBB0FA9B615C}.Release|iPhone.ActiveCfg = Release|Any CPU
		{09031479-668F-4520-8C8E-FBB0FA9B615C}.Release|iPhone.Build.0 = Release|Any CPU
		{09031479-668F-4520-8C8E-FBB0FA9B615C}.Release|iPhoneSimulator.ActiveCfg = Release|Any CPU
		{09031479-668F-4520-8C8E-FBB0FA9B615C}.Release|iPhoneSimulator.Build.0 = Release|Any CPU
		{09031479-668F-4520-8C8E-FBB0FA9B615C}.Release|x64.ActiveCfg = Release|Any CPU
		{09031479-668F-4520-8C8E-FBB0FA9B615C}.Release|x64.Build.0 = Release|Any CPU
		{09031479-668F-4520-8C8E-FBB0FA9B615C}.Release|x86.ActiveCfg = Release|Any CPU
		{09031479-668F-4520-8C8E-FBB0FA9B615C}.Release|x86.Build.0 = Release|Any CPU
	EndGlobalSection
	GlobalSection(SolutionProperties) = preSolution
		HideSolutionNode = FALSE
	EndGlobalSection
	GlobalSection(ExtensibilityGlobals) = postSolution
		SolutionGuid = {963DCFCE-43E5-46AD-8ED4-71A265A56D4B}
	EndGlobalSection
EndGlobal
